
Microsoft Visual Studio Solution File, Format Version 12.00
# Visual Studio Version 17
VisualStudioVersion = 17.8.34408.163
MinimumVisualStudioVersion = 10.0.40219.1
Project("{FAE04EC0-301F-11D3-BF4B-00C04F79EFBC}") = "administracionScoutsCR", "administracionScoutsCR\administracionScoutsCR.csproj", "{193356A2-AB4B-4F01-BA91-4B4D4320188D}"
EndProject
Global
	GlobalSection(SolutionConfigurationPlatforms) = preSolution
		Debug|Any CPU = Debug|Any CPU
		Release|Any CPU = Release|Any CPU
	EndGlobalSection
	GlobalSection(ProjectConfigurationPlatforms) = postSolution
		{193356A2-AB4B-4F01-BA91-4B4D4320188D}.Debug|Any CPU.ActiveCfg = Debug|Any CPU
		{193356A2-AB4B-4F01-BA91-4B4D4320188D}.Debug|Any CPU.Build.0 = Debug|Any CPU
		{193356A2-AB4B-4F01-BA91-4B4D4320188D}.Release|Any CPU.ActiveCfg = Release|Any CPU
		{193356A2-AB4B-4F01-BA91-4B4D4320188D}.Release|Any CPU.Build.0 = Release|Any CPU
	EndGlobalSection
	GlobalSection(SolutionProperties) = preSolution
		HideSolutionNode = FALSE
	EndGlobalSection
	GlobalSection(ExtensibilityGlobals) = postSolution
		SolutionGuid = {1987CF0A-DE94-40E5-B3F3-1E8AA1791132}
	EndGlobalSection
EndGlobal
